
Microsoft Visual Studio Solution File, Format Version 10.00
# Visual Studio 2008
Project("{8BC9CEB8-8B4A-11D0-8D11-00A0C91BC942}") = "T01FWIN", "T01FWIN.vcproj", "{E7550EA0-1CD2-417E-B4FD-6B2D8C928F41}"
EndProject
Global
	GlobalSection(SolutionConfigurationPlatforms) = preSolution
		Debug|Win32 = Debug|Win32
		Release|Win32 = Release|Win32
	EndGlobalSection
	GlobalSection(ProjectConfigurationPlatforms) = postSolution
		{E7550EA0-1CD2-417E-B4FD-6B2D8C928F41}.Debug|Win32.ActiveCfg = Debug|Win32
		{E7550EA0-1CD2-417E-B4FD-6B2D8C928F41}.Debug|Win32.Build.0 = Debug|Win32
		{E7550EA0-1CD2-417E-B4FD-6B2D8C928F41}.Release|Win32.ActiveCfg = Release|Win32
		{E7550EA0-1CD2-417E-B4FD-6B2D8C928F41}.Release|Win32.Build.0 = Release|Win32
	EndGlobalSection
	GlobalSection(SolutionProperties) = preSolution
		HideSolutionNode = FALSE
	EndGlobalSection
EndGlobal
