
Microsoft Visual Studio Solution File, Format Version 10.00
# Visual Studio 2008
Project("{8BC9CEB8-8B4A-11D0-8D11-00A0C91BC942}") = "T09ANIM", "T09ANIM.vcproj", "{B16396C7-801F-4CDF-BECE-6FC7C617CEAC}"
EndProject
Global
	GlobalSection(SolutionConfigurationPlatforms) = preSolution
		Debug|Win32 = Debug|Win32
		Release|Win32 = Release|Win32
	EndGlobalSection
	GlobalSection(ProjectConfigurationPlatforms) = postSolution
		{B16396C7-801F-4CDF-BECE-6FC7C617CEAC}.Debug|Win32.ActiveCfg = Debug|Win32
		{B16396C7-801F-4CDF-BECE-6FC7C617CEAC}.Debug|Win32.Build.0 = Debug|Win32
		{B16396C7-801F-4CDF-BECE-6FC7C617CEAC}.Release|Win32.ActiveCfg = Release|Win32
		{B16396C7-801F-4CDF-BECE-6FC7C617CEAC}.Release|Win32.Build.0 = Release|Win32
	EndGlobalSection
	GlobalSection(SolutionProperties) = preSolution
		HideSolutionNode = FALSE
	EndGlobalSection
EndGlobal
